
Microsoft Visual Studio Solution File, Format Version 12.00
# Visual Studio Version 16
VisualStudioVersion = 16.0.32510.428
MinimumVisualStudioVersion = 10.0.40219.1
Project("{8BC9CEB8-8B4A-11D0-8D11-00A0C91BC942}") = "CP (MT-MR-TA)", "CP (MT-MR-TA).vcxproj", "{10AE2E2B-EF02-4121-AEA9-F8C2E9ECF5F7}"
EndProject
Global
	GlobalSection(SolutionConfigurationPlatforms) = preSolution
		Debug|x64 = Debug|x64
		Debug|x86 = Debug|x86
		Release|x64 = Release|x64
		Release|x86 = Release|x86
	EndGlobalSection
	GlobalSection(ProjectConfigurationPlatforms) = postSolution
		{10AE2E2B-EF02-4121-AEA9-F8C2E9ECF5F7}.Debug|x64.ActiveCfg = Debug|x64
		{10AE2E2B-EF02-4121-AEA9-F8C2E9ECF5F7}.Debug|x64.Build.0 = Debug|x64
		{10AE2E2B-EF02-4121-AEA9-F8C2E9ECF5F7}.Debug|x86.ActiveCfg = Debug|Win32
		{10AE2E2B-EF02-4121-AEA9-F8C2E9ECF5F7}.Debug|x86.Build.0 = Debug|Win32
		{10AE2E2B-EF02-4121-AEA9-F8C2E9ECF5F7}.Release|x64.ActiveCfg = Release|x64
		{10AE2E2B-EF02-4121-AEA9-F8C2E9ECF5F7}.Release|x64.Build.0 = Release|x64
		{10AE2E2B-EF02-4121-AEA9-F8C2E9ECF5F7}.Release|x86.ActiveCfg = Release|Win32
		{10AE2E2B-EF02-4121-AEA9-F8C2E9ECF5F7}.Release|x86.Build.0 = Release|Win32
	EndGlobalSection
	GlobalSection(SolutionProperties) = preSolution
		HideSolutionNode = FALSE
	EndGlobalSection
	GlobalSection(ExtensibilityGlobals) = postSolution
		SolutionGuid = {E82EAB49-9D90-47E9-A914-13948E7E6268}
	EndGlobalSection
EndGlobal
